
Microsoft Visual Studio Solution File, Format Version 12.00
# Visual Studio Version 17
VisualStudioVersion = 17.0.31903.59
MinimumVisualStudioVersion = 10.0.40219.1
Project("{9A19103F-16F7-4668-BE54-9A1E7A4F7556}") = "LicenseService.API", "LicenseService.API\LicenseService.API.csproj", "{8E8FA5A3-9CA5-4D51-B8B7-932C23376CD7}"
EndProject
Project("{9A19103F-16F7-4668-BE54-9A1E7A4F7556}") = "ApiGateway", "ApiGateway\ApiGateway.csproj", "{A071F4D1-CFC9-4255-9AE7-4167FABE346B}"
EndProject
Global
	GlobalSection(SolutionConfigurationPlatforms) = preSolution
		Debug|Any CPU = Debug|Any CPU
		Release|Any CPU = Release|Any CPU
	EndGlobalSection
	GlobalSection(ProjectConfigurationPlatforms) = postSolution
		{8E8FA5A3-9CA5-4D51-B8B7-932C23376CD7}.Debug|Any CPU.ActiveCfg = Debug|Any CPU
		{8E8FA5A3-9CA5-4D51-B8B7-932C23376CD7}.Debug|Any CPU.Build.0 = Debug|Any CPU
		{8E8FA5A3-9CA5-4D51-B8B7-932C23376CD7}.Release|Any CPU.ActiveCfg = Release|Any CPU
		{8E8FA5A3-9CA5-4D51-B8B7-932C23376CD7}.Release|Any CPU.Build.0 = Release|Any CPU
		{A071F4D1-CFC9-4255-9AE7-4167FABE346B}.Debug|Any CPU.ActiveCfg = Debug|Any CPU
		{A071F4D1-CFC9-4255-9AE7-4167FABE346B}.Debug|Any CPU.Build.0 = Debug|Any CPU
		{A071F4D1-CFC9-4255-9AE7-4167FABE346B}.Release|Any CPU.ActiveCfg = Release|Any CPU
		{A071F4D1-CFC9-4255-9AE7-4167FABE346B}.Release|Any CPU.Build.0 = Release|Any CPU
	EndGlobalSection
	GlobalSection(SolutionProperties) = preSolution
		HideSolutionNode = FALSE
	EndGlobalSection
	GlobalSection(ExtensibilityGlobals) = postSolution
		SolutionGuid = {4BA9429D-9741-49D0-B275-F684DD67C7D8}
	EndGlobalSection
EndGlobal
